# This file is generated by running "yarn install" inside your project.
# Manual changes might be lost - proceed with caution!

__metadata:
  version: 8
  cacheKey: 10c0

"rss-feed@workspace:.":
  version: 0.0.0-use.local
  resolution: "rss-feed@workspace:."
  dependencies:
    xml: "npm:^1.0.1"
  languageName: unknown
  linkType: soft

"xml@npm:^1.0.1":
  version: 1.0.1
  resolution: "xml@npm:1.0.1"
  checksum: 10c0/04bcc9b8b5e7b49392072fbd9c6b0f0958bd8e8f8606fee460318e43991349a68cbc5384038d179ff15aef7d222285f69ca0f067f53d071084eb14c7fdb30411
  languageName: node
  linkType: hard
